
Microsoft Visual Studio Solution File, Format Version 12.00
# Visual Studio 15
VisualStudioVersion = 15.0.27130.2024
MinimumVisualStudioVersion = 10.0.40219.1
Project("{8BC9CEB8-8B4A-11D0-8D11-00A0C91BC942}") = "sof2plus-engine", "sof2plus-engine.vcxproj", "{1FD3BB9B-DC72-407D-A8E4-D0216E62708E}"
EndProject
Global
	GlobalSection(SolutionConfigurationPlatforms) = preSolution
		Debug|x64 = Debug|x64
		Debug|x86 = Debug|x86
		Release|x64 = Release|x64
		Release|x86 = Release|x86
	EndGlobalSection
	GlobalSection(ProjectConfigurationPlatforms) = postSolution
		{1FD3BB9B-DC72-407D-A8E4-D0216E62708E}.Debug|x64.ActiveCfg = Debug|x64
		{1FD3BB9B-DC72-407D-A8E4-D0216E62708E}.Debug|x64.Build.0 = Debug|x64
		{1FD3BB9B-DC72-407D-A8E4-D0216E62708E}.Debug|x86.ActiveCfg = Debug|Win32
		{1FD3BB9B-DC72-407D-A8E4-D0216E62708E}.Debug|x86.Build.0 = Debug|Win32
		{1FD3BB9B-DC72-407D-A8E4-D0216E62708E}.Release|x64.ActiveCfg = Release|x64
		{1FD3BB9B-DC72-407D-A8E4-D0216E62708E}.Release|x64.Build.0 = Release|x64
		{1FD3BB9B-DC72-407D-A8E4-D0216E62708E}.Release|x86.ActiveCfg = Release|Win32
		{1FD3BB9B-DC72-407D-A8E4-D0216E62708E}.Release|x86.Build.0 = Release|Win32
	EndGlobalSection
	GlobalSection(SolutionProperties) = preSolution
		HideSolutionNode = FALSE
	EndGlobalSection
EndGlobal
